{
  "name": "enforcegamepad",
  "version": "0.2.2",
  "lockfileVersion": 1,
  "requires": true,
  "dependencies": {
    "argv": {
      "version": "0.0.2",
      "resolved": "https://registry.npmjs.org/argv/-/argv-0.0.2.tgz",
      "integrity": "sha1-7L0W+JSbFXGDcRsb2jNPN4QBhas="
    },
    "async": {
      "version": "2.6.3",
      "resolved": "https://registry.npmjs.org/async/-/async-2.6.3.tgz",
      "integrity": "sha512-zflvls11DCy+dQWzTW2dzuilv8Z5X/pjfmZOWba6TNIVDm+2UDaJmXSOXlasHKfNBs8oo3M0aT50fDEWfKZjXg==",
      "requires": {
        "lodash": "^4.17.14"
      }
    },
    "bluebird": {
      "version": "3.7.2",
      "resolved": "https://registry.npmjs.org/bluebird/-/bluebird-3.7.2.tgz",
      "integrity": "sha512-XpNj6GDQzdfW+r2Wnn7xiSAd7TM3jzkxGXBGTtWKuSXv1xUV+azxAm8jdWZN06QTQk+2N2XB9jRDkvbmQmcRtg=="
    },
    "buffer-from": {
      "version": "1.1.1",
      "resolved": "https://registry.npmjs.org/buffer-from/-/buffer-from-1.1.1.tgz",
      "integrity": "sha512-MQcXEUbCKtEo7bhqEs6560Hyd4XaovZlO/k9V3hjVUF/zwW7KBVdSK4gIt/bzwS9MbR5qob+F5jusZsb0YQK2A=="
    },
    "coffee-compiler2": {
      "version": "0.1.6",
      "resolved": "https://registry.npmjs.org/coffee-compiler2/-/coffee-compiler2-0.1.6.tgz",
      "integrity": "sha512-uIviP/F1ciWJxhx9IeXMKazjX4QnLtVXgH8/SZL+xbDOVMky+e2oJJjzvUT5Wec0JeVlKh9Yw1ZAviNb0ZKwYA==",
      "requires": {
        "coffeescript": "^2.3.1",
        "fs-extra": "^6.0.1"
      }
    },
    "coffeescript": {
      "version": "2.4.1",
      "resolved": "https://registry.npmjs.org/coffeescript/-/coffeescript-2.4.1.tgz",
      "integrity": "sha512-34GV1aHrsMpTaO3KfMJL40ZNuvKDR/g98THHnE9bQj8HjMaZvSrLik99WWqyMhRtbe8V5hpx5iLgdcSvM/S2wg=="
    },
    "commander": {
      "version": "2.20.3",
      "resolved": "https://registry.npmjs.org/commander/-/commander-2.20.3.tgz",
      "integrity": "sha512-GpVkmM8vF2vQUkj2LvZmD35JxeJOLCwJ9cUkugyk2nuhbv3+mJvpLYYt+0+USMxE+oj+ey/lJEnhZw75x/OMcQ=="
    },
    "debounce": {
      "version": "1.2.0",
      "resolved": "https://registry.npmjs.org/debounce/-/debounce-1.2.0.tgz",
      "integrity": "sha512-mYtLl1xfZLi1m4RtQYlZgJUNQjl4ZxVnHzIR8nLLgi4q1YT8o/WM+MK/f8yfcc9s5Ir5zRaPZyZU6xs1Syoocg=="
    },
    "filewatcher": {
      "version": "3.0.1",
      "resolved": "https://registry.npmjs.org/filewatcher/-/filewatcher-3.0.1.tgz",
      "integrity": "sha1-9KGVc1Xdr0Q8zXiolfPVXiPIoDQ=",
      "requires": {
        "debounce": "^1.0.0"
      }
    },
    "fs-extra": {
      "version": "6.0.1",
      "resolved": "https://registry.npmjs.org/fs-extra/-/fs-extra-6.0.1.tgz",
      "integrity": "sha512-GnyIkKhhzXZUWFCaJzvyDLEEgDkPfb4/TPvJCJVuS8MWZgoSsErf++QpiAlDnKFcqhRlm+tIOcencCjyJE6ZCA==",
      "requires": {
        "graceful-fs": "^4.1.2",
        "jsonfile": "^4.0.0",
        "universalify": "^0.1.0"
      }
    },
    "graceful-fs": {
      "version": "4.2.3",
      "resolved": "https://registry.npmjs.org/graceful-fs/-/graceful-fs-4.2.3.tgz",
      "integrity": "sha512-a30VEBm4PEdx1dRB7MFK7BejejvCvBronbLjht+sHuGYj8PHs7M/5Z+rt5lw551vZ7yfTCj4Vuyy3mSJytDWRQ=="
    },
    "inherits": {
      "version": "2.0.3",
      "resolved": "https://registry.npmjs.org/inherits/-/inherits-2.0.3.tgz",
      "integrity": "sha1-Yzwsg+PaQqUC9SRmAiSA9CCCYd4="
    },
    "jsonfile": {
      "version": "4.0.0",
      "resolved": "https://registry.npmjs.org/jsonfile/-/jsonfile-4.0.0.tgz",
      "integrity": "sha1-h3Gq4HmbZAdrdmQPygWPnBDjPss=",
      "requires": {
        "graceful-fs": "^4.1.6"
      }
    },
    "lodash": {
      "version": "4.17.15",
      "resolved": "https://registry.npmjs.org/lodash/-/lodash-4.17.15.tgz",
      "integrity": "sha512-8xOcRHvCjnocdS5cpwXQXVzmmh5e5+saE2QGoeQmbKmRS6J3VQppPOIt0MnmE+4xlZoumy0GPG0D0MVIQbNA1A=="
    },
    "minimist": {
      "version": "1.2.0",
      "resolved": "https://registry.npmjs.org/minimist/-/minimist-1.2.0.tgz",
      "integrity": "sha1-o1AIsg9BOD7sH7kU9M1d95omQoQ="
    },
    "ndlog": {
      "version": "0.3.2",
      "resolved": "https://registry.npmjs.org/ndlog/-/ndlog-0.3.2.tgz",
      "integrity": "sha512-K3fAoNQt2nBFPv8+8BDts/XT5jezFkppJNcaOmyB4RG9C6GDDto+3HWXIqeTMw/2mP+cjGhspDlb/58hTzAqWg=="
    },
    "path": {
      "version": "0.12.7",
      "resolved": "https://registry.npmjs.org/path/-/path-0.12.7.tgz",
      "integrity": "sha1-1NwqUGxM4hl+tIHr/NWzbAFAsQ8=",
      "requires": {
        "process": "^0.11.1",
        "util": "^0.10.3"
      }
    },
    "process": {
      "version": "0.11.10",
      "resolved": "https://registry.npmjs.org/process/-/process-0.11.10.tgz",
      "integrity": "sha1-czIwDoQBYb2j5podHZGn1LwW8YI="
    },
    "source-map": {
      "version": "0.6.1",
      "resolved": "https://registry.npmjs.org/source-map/-/source-map-0.6.1.tgz",
      "integrity": "sha512-UjgapumWlbMhkBgzT7Ykc5YXUT46F0iKu8SGXq0bcwP5dz/h0Plj6enJqjz1Zbq2l5WaqYnrVbwWOWMyF3F47g=="
    },
    "source-map-support": {
      "version": "0.5.16",
      "resolved": "https://registry.npmjs.org/source-map-support/-/source-map-support-0.5.16.tgz",
      "integrity": "sha512-efyLRJDr68D9hBBNIPWFjhpFzURh+KJykQwvMyW5UiZzYwoF6l4YMMDIJJEyFWxWCqfyxLzz6tSfUFR+kXXsVQ==",
      "requires": {
        "buffer-from": "^1.0.0",
        "source-map": "^0.6.0"
      }
    },
    "terffee": {
      "version": "1.4.3",
      "resolved": "https://registry.npmjs.org/terffee/-/terffee-1.4.3.tgz",
      "integrity": "sha512-MujDdrbHDdeUBF3fsnq+8fe5V9SppgogcEbkIh8OW5/Q7DHYeDjLoFeX534hXRMtVNXXbU/m3UQQ5x1jnltxHA==",
      "requires": {
        "argv": "0.0.2",
        "async": "^2.6.1",
        "bluebird": "^3.5.1",
        "coffee-compiler2": "^0.1.5",
        "coffeescript": "^2.3.1",
        "filewatcher": "^3.0.1",
        "fs-extra": "^6.0.1",
        "minimist": "^1.2.0",
        "ndlog": "^0.3.1",
        "path": "^0.12.7",
        "terser": "^3.7.8"
      }
    },
    "terser": {
      "version": "3.17.0",
      "resolved": "https://registry.npmjs.org/terser/-/terser-3.17.0.tgz",
      "integrity": "sha512-/FQzzPJmCpjAH9Xvk2paiWrFq+5M6aVOf+2KRbwhByISDX/EujxsK+BAvrhb6H+2rtrLCHK9N01wO014vrIwVQ==",
      "requires": {
        "commander": "^2.19.0",
        "source-map": "~0.6.1",
        "source-map-support": "~0.5.10"
      }
    },
    "universalify": {
      "version": "0.1.2",
      "resolved": "https://registry.npmjs.org/universalify/-/universalify-0.1.2.tgz",
      "integrity": "sha512-rBJeI5CXAlmy1pV+617WB9J63U6XcazHHF2f2dbJix4XzpUF0RS3Zbj0FGIOCAva5P/d/GBOYaACQ1w+0azUkg=="
    },
    "util": {
      "version": "0.10.4",
      "resolved": "https://registry.npmjs.org/util/-/util-0.10.4.tgz",
      "integrity": "sha512-0Pm9hTQ3se5ll1XihRic3FDIku70C+iHUdT/W926rSgHV5QgXsYbKZN8MSC3tJtSkhuROzvsQjAaFENRXr+19A==",
      "requires": {
        "inherits": "2.0.3"
      }
    }
  }
}
